
Microsoft Visual Studio Solution File, Format Version 12.00
# Visual Studio Version 16
VisualStudioVersion = 16.0.29324.140
MinimumVisualStudioVersion = 10.0.40219.1
Project("{2150E333-8FDC-42A3-9474-1A3956D46DE8}") = "APIL", "APIL", "{BBAAE06B-BE40-4B6A-8EE7-6FA99C64B4DB}"
EndProject
Project("{2150E333-8FDC-42A3-9474-1A3956D46DE8}") = "BLL", "BLL", "{46A27F2A-28AF-4EE6-94DC-1D19B856A974}"
EndProject
Project("{2150E333-8FDC-42A3-9474-1A3956D46DE8}") = "DAL", "DAL", "{3751A2CA-57DA-4B27-A20F-DDD46F714EB9}"
EndProject
Project("{2150E333-8FDC-42A3-9474-1A3956D46DE8}") = "Common", "Common", "{00106D8D-74B6-478A-8841-4B614FB9AA89}"
EndProject
Project("{9A19103F-16F7-4668-BE54-9A1E7A4F7556}") = "WordCounterBot.APIL.WebApi", "APIL\WordCounterBot.APIL.WebApi.csproj", "{003A8770-EB4F-4963-BF82-7667FB533D11}"
EndProject
Project("{9A19103F-16F7-4668-BE54-9A1E7A4F7556}") = "WordCounterBot.BLL.Core", "BLL\WordCounterBot.BLL.Core\WordCounterBot.BLL.Core.csproj", "{F1085A19-68DE-4D26-815C-6DE8BE7F6548}"
EndProject
Project("{9A19103F-16F7-4668-BE54-9A1E7A4F7556}") = "WordCounterBot.BLL.Contracts", "BLL\WordCounterBot.BLL.Contracts\WordCounterBot.BLL.Contracts.csproj", "{1C9C3B7A-9E8B-452A-AF44-4CDBC3A5CC7A}"
EndProject
Project("{9A19103F-16F7-4668-BE54-9A1E7A4F7556}") = "WordCounterBot.BLL.Common", "BLL\WordCounterBot.BLL.Common\WordCounterBot.BLL.Common.csproj", "{727D5F17-C06A-472F-9351-23B66EB0A8E3}"
EndProject
Project("{9A19103F-16F7-4668-BE54-9A1E7A4F7556}") = "WordCounterBot.DAL.Postgresql", "DAL\WordCounterBot.DAL.Postgresql\WordCounterBot.DAL.Postgresql.csproj", "{397875AA-6F3B-4287-ADFC-3F34F6BC01E0}"
EndProject
Project("{9A19103F-16F7-4668-BE54-9A1E7A4F7556}") = "WordCounterBot.DAL.Contracts", "DAL\WordCounterBot.DAL.Contracts\WordCounterBot.DAL.Contracts.csproj", "{06880430-D3A9-4D9F-BD19-BA8857EE3163}"
EndProject
Project("{9A19103F-16F7-4668-BE54-9A1E7A4F7556}") = "WordCounterBot.Common.Entities", "Common\WordCounterBot.Common.Entities\WordCounterBot.Common.Entities.csproj", "{4D3F255E-856E-49CD-A5C5-C3CC35565BC0}"
EndProject
Global
	GlobalSection(SolutionConfigurationPlatforms) = preSolution
		Debug|Any CPU = Debug|Any CPU
		Release|Any CPU = Release|Any CPU
	EndGlobalSection
	GlobalSection(ProjectConfigurationPlatforms) = postSolution
		{003A8770-EB4F-4963-BF82-7667FB533D11}.Debug|Any CPU.ActiveCfg = Debug|Any CPU
		{003A8770-EB4F-4963-BF82-7667FB533D11}.Debug|Any CPU.Build.0 = Debug|Any CPU
		{003A8770-EB4F-4963-BF82-7667FB533D11}.Release|Any CPU.ActiveCfg = Release|Any CPU
		{003A8770-EB4F-4963-BF82-7667FB533D11}.Release|Any CPU.Build.0 = Release|Any CPU
		{F1085A19-68DE-4D26-815C-6DE8BE7F6548}.Debug|Any CPU.ActiveCfg = Debug|Any CPU
		{F1085A19-68DE-4D26-815C-6DE8BE7F6548}.Debug|Any CPU.Build.0 = Debug|Any CPU
		{F1085A19-68DE-4D26-815C-6DE8BE7F6548}.Release|Any CPU.ActiveCfg = Release|Any CPU
		{F1085A19-68DE-4D26-815C-6DE8BE7F6548}.Release|Any CPU.Build.0 = Release|Any CPU
		{1C9C3B7A-9E8B-452A-AF44-4CDBC3A5CC7A}.Debug|Any CPU.ActiveCfg = Debug|Any CPU
		{1C9C3B7A-9E8B-452A-AF44-4CDBC3A5CC7A}.Debug|Any CPU.Build.0 = Debug|Any CPU
		{1C9C3B7A-9E8B-452A-AF44-4CDBC3A5CC7A}.Release|Any CPU.ActiveCfg = Release|Any CPU
		{1C9C3B7A-9E8B-452A-AF44-4CDBC3A5CC7A}.Release|Any CPU.Build.0 = Release|Any CPU
		{727D5F17-C06A-472F-9351-23B66EB0A8E3}.Debug|Any CPU.ActiveCfg = Debug|Any CPU
		{727D5F17-C06A-472F-9351-23B66EB0A8E3}.Debug|Any CPU.Build.0 = Debug|Any CPU
		{727D5F17-C06A-472F-9351-23B66EB0A8E3}.Release|Any CPU.ActiveCfg = Release|Any CPU
		{727D5F17-C06A-472F-9351-23B66EB0A8E3}.Release|Any CPU.Build.0 = Release|Any CPU
		{397875AA-6F3B-4287-ADFC-3F34F6BC01E0}.Debug|Any CPU.ActiveCfg = Debug|Any CPU
		{397875AA-6F3B-4287-ADFC-3F34F6BC01E0}.Debug|Any CPU.Build.0 = Debug|Any CPU
		{397875AA-6F3B-4287-ADFC-3F34F6BC01E0}.Release|Any CPU.ActiveCfg = Release|Any CPU
		{397875AA-6F3B-4287-ADFC-3F34F6BC01E0}.Release|Any CPU.Build.0 = Release|Any CPU
		{06880430-D3A9-4D9F-BD19-BA8857EE3163}.Debug|Any CPU.ActiveCfg = Debug|Any CPU
		{06880430-D3A9-4D9F-BD19-BA8857EE3163}.Debug|Any CPU.Build.0 = Debug|Any CPU
		{06880430-D3A9-4D9F-BD19-BA8857EE3163}.Release|Any CPU.ActiveCfg = Release|Any CPU
		{06880430-D3A9-4D9F-BD19-BA8857EE3163}.Release|Any CPU.Build.0 = Release|Any CPU
		{4D3F255E-856E-49CD-A5C5-C3CC35565BC0}.Debug|Any CPU.ActiveCfg = Debug|Any CPU
		{4D3F255E-856E-49CD-A5C5-C3CC35565BC0}.Debug|Any CPU.Build.0 = Debug|Any CPU
		{4D3F255E-856E-49CD-A5C5-C3CC35565BC0}.Release|Any CPU.ActiveCfg = Release|Any CPU
		{4D3F255E-856E-49CD-A5C5-C3CC35565BC0}.Release|Any CPU.Build.0 = Release|Any CPU
	EndGlobalSection
	GlobalSection(SolutionProperties) = preSolution
		HideSolutionNode = FALSE
	EndGlobalSection
	GlobalSection(NestedProjects) = preSolution
		{003A8770-EB4F-4963-BF82-7667FB533D11} = {BBAAE06B-BE40-4B6A-8EE7-6FA99C64B4DB}
		{F1085A19-68DE-4D26-815C-6DE8BE7F6548} = {46A27F2A-28AF-4EE6-94DC-1D19B856A974}
		{1C9C3B7A-9E8B-452A-AF44-4CDBC3A5CC7A} = {46A27F2A-28AF-4EE6-94DC-1D19B856A974}
		{727D5F17-C06A-472F-9351-23B66EB0A8E3} = {46A27F2A-28AF-4EE6-94DC-1D19B856A974}
		{397875AA-6F3B-4287-ADFC-3F34F6BC01E0} = {3751A2CA-57DA-4B27-A20F-DDD46F714EB9}
		{06880430-D3A9-4D9F-BD19-BA8857EE3163} = {3751A2CA-57DA-4B27-A20F-DDD46F714EB9}
		{4D3F255E-856E-49CD-A5C5-C3CC35565BC0} = {00106D8D-74B6-478A-8841-4B614FB9AA89}
	EndGlobalSection
	GlobalSection(ExtensibilityGlobals) = postSolution
		SolutionGuid = {7995ED4B-87CA-492D-83BE-5ED1EA26E42F}
	EndGlobalSection
EndGlobal
